
Microsoft Visual Studio Solution File, Format Version 12.00
# Visual Studio 2013
VisualStudioVersion = 12.0.21005.1
MinimumVisualStudioVersion = 10.0.40219.1
Project("{FAE04EC0-301F-11D3-BF4B-00C04F79EFBC}") = "FD.RedisClient", "FD.RedisClient\FD.RedisClient.csproj", "{F5184D11-D770-4B64-87BD-3AB1983F8C79}"
EndProject
Project("{FAE04EC0-301F-11D3-BF4B-00C04F79EFBC}") = "FD.RedisClient.Test", "FD.RedisClient.Test\FD.RedisClient.Test.csproj", "{237CC1CF-0204-4A2C-BBE8-A0F5DBF9B2EE}"
EndProject
Global
	GlobalSection(SolutionConfigurationPlatforms) = preSolution
		Debug|Any CPU = Debug|Any CPU
		Release|Any CPU = Release|Any CPU
	EndGlobalSection
	GlobalSection(ProjectConfigurationPlatforms) = postSolution
		{F5184D11-D770-4B64-87BD-3AB1983F8C79}.Debug|Any CPU.ActiveCfg = Debug|Any CPU
		{F5184D11-D770-4B64-87BD-3AB1983F8C79}.Debug|Any CPU.Build.0 = Debug|Any CPU
		{F5184D11-D770-4B64-87BD-3AB1983F8C79}.Release|Any CPU.ActiveCfg = Release|Any CPU
		{F5184D11-D770-4B64-87BD-3AB1983F8C79}.Release|Any CPU.Build.0 = Release|Any CPU
		{237CC1CF-0204-4A2C-BBE8-A0F5DBF9B2EE}.Debug|Any CPU.ActiveCfg = Debug|Any CPU
		{237CC1CF-0204-4A2C-BBE8-A0F5DBF9B2EE}.Debug|Any CPU.Build.0 = Debug|Any CPU
		{237CC1CF-0204-4A2C-BBE8-A0F5DBF9B2EE}.Release|Any CPU.ActiveCfg = Release|Any CPU
		{237CC1CF-0204-4A2C-BBE8-A0F5DBF9B2EE}.Release|Any CPU.Build.0 = Release|Any CPU
	EndGlobalSection
	GlobalSection(SolutionProperties) = preSolution
		HideSolutionNode = FALSE
	EndGlobalSection
EndGlobal
