
Microsoft Visual Studio Solution File, Format Version 12.00
# Visual Studio 2013
VisualStudioVersion = 12.0.30501.0
MinimumVisualStudioVersion = 10.0.40219.1
Project("{FAE04EC0-301F-11D3-BF4B-00C04F79EFBC}") = "HRedis", "FD.RedisClient\HRedis.csproj", "{F5184D11-D770-4B64-87BD-3AB1983F8C79}"
EndProject
Project("{FAE04EC0-301F-11D3-BF4B-00C04F79EFBC}") = "HRedis.UnitTest", "FD.RedisClient.UnitTest\HRedis.UnitTest.csproj", "{FD8A7352-218A-4DDD-AB2E-DBE72DBD38D3}"
EndProject
Global
	GlobalSection(SolutionConfigurationPlatforms) = preSolution
		Debug|Any CPU = Debug|Any CPU
		Release|Any CPU = Release|Any CPU
	EndGlobalSection
	GlobalSection(ProjectConfigurationPlatforms) = postSolution
		{F5184D11-D770-4B64-87BD-3AB1983F8C79}.Debug|Any CPU.ActiveCfg = Debug|Any CPU
		{F5184D11-D770-4B64-87BD-3AB1983F8C79}.Debug|Any CPU.Build.0 = Debug|Any CPU
		{F5184D11-D770-4B64-87BD-3AB1983F8C79}.Release|Any CPU.ActiveCfg = Release|Any CPU
		{F5184D11-D770-4B64-87BD-3AB1983F8C79}.Release|Any CPU.Build.0 = Release|Any CPU
		{FD8A7352-218A-4DDD-AB2E-DBE72DBD38D3}.Debug|Any CPU.ActiveCfg = Debug|Any CPU
		{FD8A7352-218A-4DDD-AB2E-DBE72DBD38D3}.Debug|Any CPU.Build.0 = Debug|Any CPU
		{FD8A7352-218A-4DDD-AB2E-DBE72DBD38D3}.Release|Any CPU.ActiveCfg = Release|Any CPU
		{FD8A7352-218A-4DDD-AB2E-DBE72DBD38D3}.Release|Any CPU.Build.0 = Release|Any CPU
	EndGlobalSection
	GlobalSection(SolutionProperties) = preSolution
		HideSolutionNode = FALSE
	EndGlobalSection
EndGlobal
